// !$*UTF8*$!
{
	archiveVersion = 1;
	classes = {
	};
	objectVersion = 46;
	objects = {

/* Begin PBXBuildFile section */
		946C21931A0028D80089C076 /* Hydraulic Operation.tiff in Resources */ = {isa = PBXBuildFile; fileRef = 946C21921A0028D80089C076 /* Hydraulic Operation.tiff */; };
		949082481A001FD300F86D2C /* main.m in Sources */ = {isa = PBXBuildFile; fileRef = 949082471A001FD300F86D2C /* main.m */; };
		9490824B1A001FD300F86D2C /* AppDelegate.m in Sources */ = {isa = PBXBuildFile; fileRef = 9490824A1A001FD300F86D2C /* AppDelegate.m */; };
		9490824E1A001FD300F86D2C /* ViewController.m in Sources */ = {isa = PBXBuildFile; fileRef = 9490824D1A001FD300F86D2C /* ViewController.m */; };
		949082511A001FD300F86D2C /* Main.storyboard in Resources */ = {isa = PBXBuildFile; fileRef = 9490824F1A001FD300F86D2C /* Main.storyboard */; };
		949082531A001FD300F86D2C /* Images.xcassets in Resources */ = {isa = PBXBuildFile; fileRef = 949082521A001FD300F86D2C /* Images.xcassets */; };
		949082561A001FD300F86D2C /* LaunchScreen.xib in Resources */ = {isa = PBXBuildFile; fileRef = 949082541A001FD300F86D2C /* LaunchScreen.xib */; };
		949082621A001FD300F86D2C /* MDRRHidraulicaTests.m in Sources */ = {isa = PBXBuildFile; fileRef = 949082611A001FD300F86D2C /* MDRRHidraulicaTests.m */; };
		9490826D1A00206A00F86D2C /* Bolts.framework in Frameworks */ = {isa = PBXBuildFile; fileRef = 9490826B1A00206A00F86D2C /* Bolts.framework */; };
		9490826E1A00206A00F86D2C /* Parse.framework in Frameworks */ = {isa = PBXBuildFile; fileRef = 9490826C1A00206A00F86D2C /* Parse.framework */; };
		949082791A0020BA00F86D2C /* AudioToolbox.framework in Frameworks */ = {isa = PBXBuildFile; fileRef = 9490826F1A0020BA00F86D2C /* AudioToolbox.framework */; };
		9490827A1A0020BA00F86D2C /* CFNetwork.framework in Frameworks */ = {isa = PBXBuildFile; fileRef = 949082701A0020BA00F86D2C /* CFNetwork.framework */; };
		9490827B1A0020BA00F86D2C /* CoreGraphics.framework in Frameworks */ = {isa = PBXBuildFile; fileRef = 949082711A0020BA00F86D2C /* CoreGraphics.framework */; };
		9490827C1A0020BA00F86D2C /* CoreLocation.framework in Frameworks */ = {isa = PBXBuildFile; fileRef = 949082721A0020BA00F86D2C /* CoreLocation.framework */; };
		9490827D1A0020BA00F86D2C /* libz.dylib in Frameworks */ = {isa = PBXBuildFile; fileRef = 949082731A0020BA00F86D2C /* libz.dylib */; };
		9490827E1A0020BA00F86D2C /* MobileCoreServices.framework in Frameworks */ = {isa = PBXBuildFile; fileRef = 949082741A0020BA00F86D2C /* MobileCoreServices.framework */; };
		9490827F1A0020BA00F86D2C /* QuartzCore.framework in Frameworks */ = {isa = PBXBuildFile; fileRef = 949082751A0020BA00F86D2C /* QuartzCore.framework */; };
		949082801A0020BA00F86D2C /* Security.framework in Frameworks */ = {isa = PBXBuildFile; fileRef = 949082761A0020BA00F86D2C /* Security.framework */; };
		949082811A0020BA00F86D2C /* StoreKit.framework in Frameworks */ = {isa = PBXBuildFile; fileRef = 949082771A0020BA00F86D2C /* StoreKit.framework */; };
		949082821A0020BA00F86D2C /* SystemConfiguration.framework in Frameworks */ = {isa = PBXBuildFile; fileRef = 949082781A0020BA00F86D2C /* SystemConfiguration.framework */; };
/* End PBXBuildFile section */

/* Begin PBXContainerItemProxy section */
		9490825C1A001FD300F86D2C /* PBXContainerItemProxy */ = {
			isa = PBXContainerItemProxy;
			containerPortal = 9490823A1A001FD300F86D2C /* Project object */;
			proxyType = 1;
			remoteGlobalIDString = 949082411A001FD300F86D2C;
			remoteInfo = MDRRHidraulica;
		};
/* End PBXContainerItemProxy section */

/* Begin PBXFileReference section */
		946C21921A0028D80089C076 /* Hydraulic Operation.tiff */ = {isa = PBXFileReference; lastKnownFileType = image.tiff; path = "Hydraulic Operation.tiff"; sourceTree = "<group>"; };
		949082421A001FD300F86D2C /* MDRRHidraulica.app */ = {isa = PBXFileReference; explicitFileType = wrapper.application; includeInIndex = 0; path = MDRRHidraulica.app; sourceTree = BUILT_PRODUCTS_DIR; };
		949082461A001FD300F86D2C /* Info.plist */ = {isa = PBXFileReference; lastKnownFileType = text.plist.xml; path = Info.plist; sourceTree = "<group>"; };
		949082471A001FD300F86D2C /* main.m */ = {isa = PBXFileReference; lastKnownFileType = sourcecode.c.objc; path = main.m; sourceTree = "<group>"; };
		949082491A001FD300F86D2C /* AppDelegate.h */ = {isa = PBXFileReference; lastKnownFileType = sourcecode.c.h; path = AppDelegate.h; sourceTree = "<group>"; };
		9490824A1A001FD300F86D2C /* AppDelegate.m */ = {isa = PBXFileReference; lastKnownFileType = sourcecode.c.objc; path = AppDelegate.m; sourceTree = "<group>"; };
		9490824C1A001FD300F86D2C /* ViewController.h */ = {isa = PBXFileReference; lastKnownFileType = sourcecode.c.h; path = ViewController.h; sourceTree = "<group>"; };
		9490824D1A001FD300F86D2C /* ViewController.m */ = {isa = PBXFileReference; lastKnownFileType = sourcecode.c.objc; path = ViewController.m; sourceTree = "<group>"; };
		949082501A001FD300F86D2C /* Base */ = {isa = PBXFileReference; lastKnownFileType = file.storyboard; name = Base; path = Base.lproj/Main.storyboard; sourceTree = "<group>"; };
		949082521A001FD300F86D2C /* Images.xcassets */ = {isa = PBXFileReference; lastKnownFileType = folder.assetcatalog; path = Images.xcassets; sourceTree = "<group>"; };
		949082551A001FD300F86D2C /* Base */ = {isa = PBXFileReference; lastKnownFileType = file.xib; name = Base; path = Base.lproj/LaunchScreen.xib; sourceTree = "<group>"; };
		9490825B1A001FD300F86D2C /* MDRRHidraulicaTests.xctest */ = {isa = PBXFileReference; explicitFileType = wrapper.cfbundle; includeInIndex = 0; path = MDRRHidraulicaTests.xctest; sourceTree = BUILT_PRODUCTS_DIR; };
		949082601A001FD300F86D2C /* Info.plist */ = {isa = PBXFileReference; lastKnownFileType = text.plist.xml; path = Info.plist; sourceTree = "<group>"; };
		949082611A001FD300F86D2C /* MDRRHidraulicaTests.m */ = {isa = PBXFileReference; lastKnownFileType = sourcecode.c.objc; path = MDRRHidraulicaTests.m; sourceTree = "<group>"; };
		9490826B1A00206A00F86D2C /* Bolts.framework */ = {isa = PBXFileReference; lastKnownFileType = wrapper.framework; path = Bolts.framework; sourceTree = "<group>"; };
		9490826C1A00206A00F86D2C /* Parse.framework */ = {isa = PBXFileReference; lastKnownFileType = wrapper.framework; path = Parse.framework; sourceTree = "<group>"; };
		9490826F1A0020BA00F86D2C /* AudioToolbox.framework */ = {isa = PBXFileReference; lastKnownFileType = wrapper.framework; name = AudioToolbox.framework; path = System/Library/Frameworks/AudioToolbox.framework; sourceTree = SDKROOT; };
		949082701A0020BA00F86D2C /* CFNetwork.framework */ = {isa = PBXFileReference; lastKnownFileType = wrapper.framework; name = CFNetwork.framework; path = System/Library/Frameworks/CFNetwork.framework; sourceTree = SDKROOT; };
		949082711A0020BA00F86D2C /* CoreGraphics.framework */ = {isa = PBXFileReference; lastKnownFileType = wrapper.framework; name = CoreGraphics.framework; path = System/Library/Frameworks/CoreGraphics.framework; sourceTree = SDKROOT; };
		949082721A0020BA00F86D2C /* CoreLocation.framework */ = {isa = PBXFileReference; lastKnownFileType = wrapper.framework; name = CoreLocation.framework; path = System/Library/Frameworks/CoreLocation.framework; sourceTree = SDKROOT; };
		949082731A0020BA00F86D2C /* libz.dylib */ = {isa = PBXFileReference; lastKnownFileType = "compiled.mach-o.dylib"; name = libz.dylib; path = usr/lib/libz.dylib; sourceTree = SDKROOT; };
		949082741A0020BA00F86D2C /* MobileCoreServices.framework */ = {isa = PBXFileReference; lastKnownFileType = wrapper.framework; name = MobileCoreServices.framework; path = System/Library/Frameworks/MobileCoreServices.framework; sourceTree = SDKROOT; };
		949082751A0020BA00F86D2C /* QuartzCore.framework */ = {isa = PBXFileReference; lastKnownFileType = wrapper.framework; name = QuartzCore.framework; path = System/Library/Frameworks/QuartzCore.framework; sourceTree = SDKROOT; };
		949082761A0020BA00F86D2C /* Security.framework */ = {isa = PBXFileReference; lastKnownFileType = wrapper.framework; name = Security.framework; path = System/Library/Frameworks/Security.framework; sourceTree = SDKROOT; };
		949082771A0020BA00F86D2C /* StoreKit.framework */ = {isa = PBXFileReference; lastKnownFileType = wrapper.framework; name = StoreKit.framework; path = System/Library/Frameworks/StoreKit.framework; sourceTree = SDKROOT; };
		949082781A0020BA00F86D2C /* SystemConfiguration.framework */ = {isa = PBXFileReference; lastKnownFileType = wrapper.framework; name = SystemConfiguration.framework; path = System/Library/Frameworks/SystemConfiguration.framework; sourceTree = SDKROOT; };
/* End PBXFileReference section */

/* Begin PBXFrameworksBuildPhase section */
		9490823F1A001FD300F86D2C /* Frameworks */ = {
			isa = PBXFrameworksBuildPhase;
			buildActionMask = 2147483647;
			files = (
				949082791A0020BA00F86D2C /* AudioToolbox.framework in Frameworks */,
				9490827A1A0020BA00F86D2C /* CFNetwork.framework in Frameworks */,
				9490827B1A0020BA00F86D2C /* CoreGraphics.framework in Frameworks */,
				9490827C1A0020BA00F86D2C /* CoreLocation.framework in Frameworks */,
				9490827D1A0020BA00F86D2C /* libz.dylib in Frameworks */,
				9490827E1A0020BA00F86D2C /* MobileCoreServices.framework in Frameworks */,
				9490827F1A0020BA00F86D2C /* QuartzCore.framework in Frameworks */,
				949082801A0020BA00F86D2C /* Security.framework in Frameworks */,
				949082811A0020BA00F86D2C /* StoreKit.framework in Frameworks */,
				949082821A0020BA00F86D2C /* SystemConfiguration.framework in Frameworks */,
				9490826E1A00206A00F86D2C /* Parse.framework in Frameworks */,
				9490826D1A00206A00F86D2C /* Bolts.framework in Frameworks */,
			);
			runOnlyForDeploymentPostprocessing = 0;
		};
		949082581A001FD300F86D2C /* Frameworks */ = {
			isa = PBXFrameworksBuildPhase;
			buildActionMask = 2147483647;
			files = (
			);
			runOnlyForDeploymentPostprocessing = 0;
		};
/* End PBXFrameworksBuildPhase section */

/* Begin PBXGroup section */
		946C21911A0028C50089C076 /* Images Example */ = {
			isa = PBXGroup;
			children = (
				946C21921A0028D80089C076 /* Hydraulic Operation.tiff */,
			);
			name = "Images Example";
			sourceTree = "<group>";
		};
		949082391A001FD300F86D2C = {
			isa = PBXGroup;
			children = (
				9490826F1A0020BA00F86D2C /* AudioToolbox.framework */,
				949082701A0020BA00F86D2C /* CFNetwork.framework */,
				949082711A0020BA00F86D2C /* CoreGraphics.framework */,
				949082721A0020BA00F86D2C /* CoreLocation.framework */,
				949082731A0020BA00F86D2C /* libz.dylib */,
				949082741A0020BA00F86D2C /* MobileCoreServices.framework */,
				949082751A0020BA00F86D2C /* QuartzCore.framework */,
				949082761A0020BA00F86D2C /* Security.framework */,
				949082771A0020BA00F86D2C /* StoreKit.framework */,
				949082781A0020BA00F86D2C /* SystemConfiguration.framework */,
				949082441A001FD300F86D2C /* MDRRHidraulica */,
				9490825E1A001FD300F86D2C /* MDRRHidraulicaTests */,
				949082431A001FD300F86D2C /* Products */,
			);
			sourceTree = "<group>";
		};
		949082431A001FD300F86D2C /* Products */ = {
			isa = PBXGroup;
			children = (
				949082421A001FD300F86D2C /* MDRRHidraulica.app */,
				9490825B1A001FD300F86D2C /* MDRRHidraulicaTests.xctest */,
			);
			name = Products;
			sourceTree = "<group>";
		};
		949082441A001FD300F86D2C /* MDRRHidraulica */ = {
			isa = PBXGroup;
			children = (
				946C21911A0028C50089C076 /* Images Example */,
				9490826B1A00206A00F86D2C /* Bolts.framework */,
				9490826C1A00206A00F86D2C /* Parse.framework */,
				949082491A001FD300F86D2C /* AppDelegate.h */,
				9490824A1A001FD300F86D2C /* AppDelegate.m */,
				9490824C1A001FD300F86D2C /* ViewController.h */,
				9490824D1A001FD300F86D2C /* ViewController.m */,
				9490824F1A001FD300F86D2C /* Main.storyboard */,
				949082521A001FD300F86D2C /* Images.xcassets */,
				949082541A001FD300F86D2C /* LaunchScreen.xib */,
				949082451A001FD300F86D2C /* Supporting Files */,
			);
			path = MDRRHidraulica;
			sourceTree = "<group>";
		};
		949082451A001FD300F86D2C /* Supporting Files */ = {
			isa = PBXGroup;
			children = (
				949082461A001FD300F86D2C /* Info.plist */,
				949082471A001FD300F86D2C /* main.m */,
			);
			name = "Supporting Files";
			sourceTree = "<group>";
		};
		9490825E1A001FD300F86D2C /* MDRRHidraulicaTests */ = {
			isa = PBXGroup;
			children = (
				949082611A001FD300F86D2C /* MDRRHidraulicaTests.m */,
				9490825F1A001FD300F86D2C /* Supporting Files */,
			);
			path = MDRRHidraulicaTests;
			sourceTree = "<group>";
		};
		9490825F1A001FD300F86D2C /* Supporting Files */ = {
			isa = PBXGroup;
			children = (
				949082601A001FD300F86D2C /* Info.plist */,
			);
			name = "Supporting Files";
			sourceTree = "<group>";
		};
/* End PBXGroup section */

/* Begin PBXNativeTarget section */
		949082411A001FD300F86D2C /* MDRRHidraulica */ = {
			isa = PBXNativeTarget;
			buildConfigurationList = 949082651A001FD300F86D2C /* Build configuration list for PBXNativeTarget "MDRRHidraulica" */;
			buildPhases = (
				9490823E1A001FD300F86D2C /* Sources */,
				9490823F1A001FD300F86D2C /* Frameworks */,
				949082401A001FD300F86D2C /* Resources */,
			);
			buildRules = (
			);
			dependencies = (
			);
			name = MDRRHidraulica;
			productName = MDRRHidraulica;
			productReference = 949082421A001FD300F86D2C /* MDRRHidraulica.app */;
			productType = "com.apple.product-type.application";
		};
		9490825A1A001FD300F86D2C /* MDRRHidraulicaTests */ = {
			isa = PBXNativeTarget;
			buildConfigurationList = 949082681A001FD300F86D2C /* Build configuration list for PBXNativeTarget "MDRRHidraulicaTests" */;
			buildPhases = (
				949082571A001FD300F86D2C /* Sources */,
				949082581A001FD300F86D2C /* Frameworks */,
				949082591A001FD300F86D2C /* Resources */,
			);
			buildRules = (
			);
			dependencies = (
				9490825D1A001FD300F86D2C /* PBXTargetDependency */,
			);
			name = MDRRHidraulicaTests;
			productName = MDRRHidraulicaTests;
			productReference = 9490825B1A001FD300F86D2C /* MDRRHidraulicaTests.xctest */;
			productType = "com.apple.product-type.bundle.unit-test";
		};
/* End PBXNativeTarget section */

/* Begin PBXProject section */
		9490823A1A001FD300F86D2C /* Project object */ = {
			isa = PBXProject;
			attributes = {
				LastUpgradeCheck = 0610;
				ORGANIZATIONNAME = itesm;
				TargetAttributes = {
					949082411A001FD300F86D2C = {
						CreatedOnToolsVersion = 6.1;
					};
					9490825A1A001FD300F86D2C = {
						CreatedOnToolsVersion = 6.1;
						TestTargetID = 949082411A001FD300F86D2C;
					};
				};
			};
			buildConfigurationList = 9490823D1A001FD300F86D2C /* Build configuration list for PBXProject "MDRRHidraulica" */;
			compatibilityVersion = "Xcode 3.2";
			developmentRegion = English;
			hasScannedForEncodings = 0;
			knownRegions = (
				en,
				Base,
			);
			mainGroup = 949082391A001FD300F86D2C;
			productRefGroup = 949082431A001FD300F86D2C /* Products */;
			projectDirPath = "";
			projectRoot = "";
			targets = (
				949082411A001FD300F86D2C /* MDRRHidraulica */,
				9490825A1A001FD300F86D2C /* MDRRHidraulicaTests */,
			);
		};
/* End PBXProject section */

/* Begin PBXResourcesBuildPhase section */
		949082401A001FD300F86D2C /* Resources */ = {
			isa = PBXResourcesBuildPhase;
			buildActionMask = 2147483647;
			files = (
				949082511A001FD300F86D2C /* Main.storyboard in Resources */,
				946C21931A0028D80089C076 /* Hydraulic Operation.tiff in Resources */,
				949082561A001FD300F86D2C /* LaunchScreen.xib in Resources */,
				949082531A001FD300F86D2C /* Images.xcassets in Resources */,
			);
			runOnlyForDeploymentPostprocessing = 0;
		};
		949082591A001FD300F86D2C /* Resources */ = {
			isa = PBXResourcesBuildPhase;
			buildActionMask = 2147483647;
			files = (
			);
			runOnlyForDeploymentPostprocessing = 0;
		};
/* End PBXResourcesBuildPhase section */

/* Begin PBXSourcesBuildPhase section */
		9490823E1A001FD300F86D2C /* Sources */ = {
			isa = PBXSourcesBuildPhase;
			buildActionMask = 2147483647;
			files = (
				9490824E1A001FD300F86D2C /* ViewController.m in Sources */,
				9490824B1A001FD300F86D2C /* AppDelegate.m in Sources */,
				949082481A001FD300F86D2C /* main.m in Sources */,
			);
			runOnlyForDeploymentPostprocessing = 0;
		};
		949082571A001FD300F86D2C /* Sources */ = {
			isa = PBXSourcesBuildPhase;
			buildActionMask = 2147483647;
			files = (
				949082621A001FD300F86D2C /* MDRRHidraulicaTests.m in Sources */,
			);
			runOnlyForDeploymentPostprocessing = 0;
		};
/* End PBXSourcesBuildPhase section */

/* Begin PBXTargetDependency section */
		9490825D1A001FD300F86D2C /* PBXTargetDependency */ = {
			isa = PBXTargetDependency;
			target = 949082411A001FD300F86D2C /* MDRRHidraulica */;
			targetProxy = 9490825C1A001FD300F86D2C /* PBXContainerItemProxy */;
		};
/* End PBXTargetDependency section */

/* Begin PBXVariantGroup section */
		9490824F1A001FD300F86D2C /* Main.storyboard */ = {
			isa = PBXVariantGroup;
			children = (
				949082501A001FD300F86D2C /* Base */,
			);
			name = Main.storyboard;
			sourceTree = "<group>";
		};
		949082541A001FD300F86D2C /* LaunchScreen.xib */ = {
			isa = PBXVariantGroup;
			children = (
				949082551A001FD300F86D2C /* Base */,
			);
			name = LaunchScreen.xib;
			sourceTree = "<group>";
		};
/* End PBXVariantGroup section */

/* Begin XCBuildConfiguration section */
		949082631A001FD300F86D2C /* Debug */ = {
			isa = XCBuildConfiguration;
			buildSettings = {
				ALWAYS_SEARCH_USER_PATHS = NO;
				CLANG_CXX_LANGUAGE_STANDARD = "gnu++0x";
				CLANG_CXX_LIBRARY = "libc++";
				CLANG_ENABLE_MODULES = YES;
				CLANG_ENABLE_OBJC_ARC = YES;
				CLANG_WARN_BOOL_CONVERSION = YES;
				CLANG_WARN_CONSTANT_CONVERSION = YES;
				CLANG_WARN_DIRECT_OBJC_ISA_USAGE = YES_ERROR;
				CLANG_WARN_EMPTY_BODY = YES;
				CLANG_WARN_ENUM_CONVERSION = YES;
				CLANG_WARN_INT_CONVERSION = YES;
				CLANG_WARN_OBJC_ROOT_CLASS = YES_ERROR;
				CLANG_WARN_UNREACHABLE_CODE = YES;
				CLANG_WARN__DUPLICATE_METHOD_MATCH = YES;
				"CODE_SIGN_IDENTITY[sdk=iphoneos*]" = "iPhone Developer";
				COPY_PHASE_STRIP = NO;
				ENABLE_STRICT_OBJC_MSGSEND = YES;
				GCC_C_LANGUAGE_STANDARD = gnu99;
				GCC_DYNAMIC_NO_PIC = NO;
				GCC_OPTIMIZATION_LEVEL = 0;
				GCC_PREPROCESSOR_DEFINITIONS = (
					"DEBUG=1",
					"$(inherited)",
				);
				GCC_SYMBOLS_PRIVATE_EXTERN = NO;
				GCC_WARN_64_TO_32_BIT_CONVERSION = YES;
				GCC_WARN_ABOUT_RETURN_TYPE = YES_ERROR;
				GCC_WARN_UNDECLARED_SELECTOR = YES;
				GCC_WARN_UNINITIALIZED_AUTOS = YES_AGGRESSIVE;
				GCC_WARN_UNUSED_FUNCTION = YES;
				GCC_WARN_UNUSED_VARIABLE = YES;
				IPHONEOS_DEPLOYMENT_TARGET = 8.1;
				MTL_ENABLE_DEBUG_INFO = YES;
				ONLY_ACTIVE_ARCH = YES;
				SDKROOT = iphoneos;
				TARGETED_DEVICE_FAMILY = "1,2";
			};
			name = Debug;
		};
		949082641A001FD300F86D2C /* Release */ = {
			isa = XCBuildConfiguration;
			buildSettings = {
				ALWAYS_SEARCH_USER_PATHS = NO;
				CLANG_CXX_LANGUAGE_STANDARD = "gnu++0x";
				CLANG_CXX_LIBRARY = "libc++";
				CLANG_ENABLE_MODULES = YES;
				CLANG_ENABLE_OBJC_ARC = YES;
				CLANG_WARN_BOOL_CONVERSION = YES;
				CLANG_WARN_CONSTANT_CONVERSION = YES;
				CLANG_WARN_DIRECT_OBJC_ISA_USAGE = YES_ERROR;
				CLANG_WARN_EMPTY_BODY = YES;
				CLANG_WARN_ENUM_CONVERSION = YES;
				CLANG_WARN_INT_CONVERSION = YES;
				CLANG_WARN_OBJC_ROOT_CLASS = YES_ERROR;
				CLANG_WARN_UNREACHABLE_CODE = YES;
				CLANG_WARN__DUPLICATE_METHOD_MATCH = YES;
				"CODE_SIGN_IDENTITY[sdk=iphoneos*]" = "iPhone Developer";
				COPY_PHASE_STRIP = YES;
				ENABLE_NS_ASSERTIONS = NO;
				ENABLE_STRICT_OBJC_MSGSEND = YES;
				GCC_C_LANGUAGE_STANDARD = gnu99;
				GCC_WARN_64_TO_32_BIT_CONVERSION = YES;
				GCC_WARN_ABOUT_RETURN_TYPE = YES_ERROR;
				GCC_WARN_UNDECLARED_SELECTOR = YES;
				GCC_WARN_UNINITIALIZED_AUTOS = YES_AGGRESSIVE;
				GCC_WARN_UNUSED_FUNCTION = YES;
				GCC_WARN_UNUSED_VARIABLE = YES;
				IPHONEOS_DEPLOYMENT_TARGET = 8.1;
				MTL_ENABLE_DEBUG_INFO = NO;
				SDKROOT = iphoneos;
				TARGETED_DEVICE_FAMILY = "1,2";
				VALIDATE_PRODUCT = YES;
			};
			name = Release;
		};
		949082661A001FD300F86D2C /* Debug */ = {
			isa = XCBuildConfiguration;
			buildSettings = {
				ASSETCATALOG_COMPILER_APPICON_NAME = AppIcon;
				FRAMEWORK_SEARCH_PATHS = (
					"$(inherited)",
					"$(PROJECT_DIR)/MDRRHidraulica",
				);
				INFOPLIST_FILE = MDRRHidraulica/Info.plist;
				LD_RUNPATH_SEARCH_PATHS = "$(inherited) @executable_path/Frameworks";
				PRODUCT_NAME = "$(TARGET_NAME)";
			};
			name = Debug;
		};
		949082671A001FD300F86D2C /* Release */ = {
			isa = XCBuildConfiguration;
			buildSettings = {
				ASSETCATALOG_COMPILER_APPICON_NAME = AppIcon;
				FRAMEWORK_SEARCH_PATHS = (
					"$(inherited)",
					"$(PROJECT_DIR)/MDRRHidraulica",
				);
				INFOPLIST_FILE = MDRRHidraulica/Info.plist;
				LD_RUNPATH_SEARCH_PATHS = "$(inherited) @executable_path/Frameworks";
				PRODUCT_NAME = "$(TARGET_NAME)";
			};
			name = Release;
		};
		949082691A001FD300F86D2C /* Debug */ = {
			isa = XCBuildConfiguration;
			buildSettings = {
				BUNDLE_LOADER = "$(TEST_HOST)";
				FRAMEWORK_SEARCH_PATHS = (
					"$(SDKROOT)/Developer/Library/Frameworks",
					"$(inherited)",
				);
				GCC_PREPROCESSOR_DEFINITIONS = (
					"DEBUG=1",
					"$(inherited)",
				);
				INFOPLIST_FILE = MDRRHidraulicaTests/Info.plist;
				LD_RUNPATH_SEARCH_PATHS = "$(inherited) @executable_path/Frameworks @loader_path/Frameworks";
				PRODUCT_NAME = "$(TARGET_NAME)";
				TEST_HOST = "$(BUILT_PRODUCTS_DIR)/MDRRHidraulica.app/MDRRHidraulica";
			};
			name = Debug;
		};
		9490826A1A001FD300F86D2C /* Release */ = {
			isa = XCBuildConfiguration;
			buildSettings = {
				BUNDLE_LOADER = "$(TEST_HOST)";
				FRAMEWORK_SEARCH_PATHS = (
					"$(SDKROOT)/Developer/Library/Frameworks",
					"$(inherited)",
				);
				INFOPLIST_FILE = MDRRHidraulicaTests/Info.plist;
				LD_RUNPATH_SEARCH_PATHS = "$(inherited) @executable_path/Frameworks @loader_path/Frameworks";
				PRODUCT_NAME = "$(TARGET_NAME)";
				TEST_HOST = "$(BUILT_PRODUCTS_DIR)/MDRRHidraulica.app/MDRRHidraulica";
			};
			name = Release;
		};
/* End XCBuildConfiguration section */

/* Begin XCConfigurationList section */
		9490823D1A001FD300F86D2C /* Build configuration list for PBXProject "MDRRHidraulica" */ = {
			isa = XCConfigurationList;
			buildConfigurations = (
				949082631A001FD300F86D2C /* Debug */,
				949082641A001FD300F86D2C /* Release */,
			);
			defaultConfigurationIsVisible = 0;
			defaultConfigurationName = Release;
		};
		949082651A001FD300F86D2C /* Build configuration list for PBXNativeTarget "MDRRHidraulica" */ = {
			isa = XCConfigurationList;
			buildConfigurations = (
				949082661A001FD300F86D2C /* Debug */,
				949082671A001FD300F86D2C /* Release */,
			);
			defaultConfigurationIsVisible = 0;
			defaultConfigurationName = Release;
		};
		949082681A001FD300F86D2C /* Build configuration list for PBXNativeTarget "MDRRHidraulicaTests" */ = {
			isa = XCConfigurationList;
			buildConfigurations = (
				949082691A001FD300F86D2C /* Debug */,
				9490826A1A001FD300F86D2C /* Release */,
			);
			defaultConfigurationIsVisible = 0;
			defaultConfigurationName = Release;
		};
/* End XCConfigurationList section */
	};
	rootObject = 9490823A1A001FD300F86D2C /* Project object */;
}
